
Microsoft Visual Studio Solution File, Format Version 12.00
# Visual Studio 14
VisualStudioVersion = 14.0.24720.0
MinimumVisualStudioVersion = 10.0.40219.1
Project("{FAE04EC0-301F-11D3-BF4B-00C04F79EFBC}") = "P.01.2012.07-Basic-Language", "P.01.2012.07-Basic-Language\P.01.2012.07-Basic-Language.csproj", "{9681757E-80E0-4E40-A90D-3A8F9CA229C5}"
EndProject
Project("{FAE04EC0-301F-11D3-BF4B-00C04F79EFBC}") = "P.01.2012.07-Basic-Language 1", "P.01.2012.07-Basic-Language 1\P.01.2012.07-Basic-Language 1.csproj", "{58498C74-91B7-4EEF-9F31-43637EB6CAA9}"
EndProject
Project("{FAE04EC0-301F-11D3-BF4B-00C04F79EFBC}") = "P.01.2012.05-Genome-Decoder-1", "P.01.2012.05-Genome-Decoder-1\P.01.2012.05-Genome-Decoder-1.csproj", "{D1CC7E0F-8B98-4DD9-9ECE-312D294F3601}"
EndProject
Project("{FAE04EC0-301F-11D3-BF4B-00C04F79EFBC}") = "P.01.2012.05-Genome-Decoder-2", "P.01.2012.05-Genome-Decoder-2\P.01.2012.05-Genome-Decoder-2.csproj", "{2DAAEC28-3E73-4956-9976-DDB02148E8BB}"
EndProject
Project("{FAE04EC0-301F-11D3-BF4B-00C04F79EFBC}") = "P.01.2015.05.V2-Calculation-Problem-1", "P.01.2015.05.V2-Calculation-Problem-1\P.01.2015.05.V2-Calculation-Problem-1.csproj", "{D5D5F178-2CD7-4DD9-8FA0-E40FD68A0DF4}"
EndProject
Project("{FAE04EC0-301F-11D3-BF4B-00C04F79EFBC}") = "P.01.2015.05.V2-Calculation-Problem-2", "P.01.2015.05.V2-Calculation-Problem-2\P.01.2015.05.V2-Calculation-Problem-2.csproj", "{041C6827-1C92-4D40-AEE9-D07D32D72ABB}"
EndProject
Project("{FAE04EC0-301F-11D3-BF4B-00C04F79EFBC}") = "P.01.2015.05.V4-De-Cat-coding-1", "P.01.2015.05.V4-De-Cat-coding-1\P.01.2015.05.V4-De-Cat-coding-1.csproj", "{3872AC97-D6DC-4CD8-9286-88C873375773}"
EndProject
Project("{FAE04EC0-301F-11D3-BF4B-00C04F79EFBC}") = "P.02.2015.05.V2-Even-Differences-1", "P.02.2015.05.V2-Even-Differences-1\P.02.2015.05.V2-Even-Differences-1.csproj", "{2189EDDC-4E87-4E6C-AB77-7F20F08FC586}"
EndProject
Project("{FAE04EC0-301F-11D3-BF4B-00C04F79EFBC}") = "P.02.2015.06.V3-Decreasing-Absolute-Differences-1", "P.02.2015.06.V3-Decreasing-Absolute-Differences-1\P.02.2015.06.V3-Decreasing-Absolute-Differences-1.csproj", "{417EBA7F-F4C1-497D-AB84-EA00EB0D7536}"
EndProject
Project("{FAE04EC0-301F-11D3-BF4B-00C04F79EFBC}") = "P.02.2014.01.V2-Two-Girls-One-Path-1", "P.02.2014.01.V2-Two-Girls-One-Path-1\P.02.2014.01.V2-Two-Girls-One-Path-1.csproj", "{97439C8B-5E2D-4A8D-B19D-E8D857C829C1}"
EndProject
Project("{FAE04EC0-301F-11D3-BF4B-00C04F79EFBC}") = "P.02.2014.01.V1-Bunny-Factory-1", "P.02.2014.01.V1-Bunny-Factory-1\P.02.2014.01.V1-Bunny-Factory-1.csproj", "{B5F626F7-521B-4E4F-A3A2-C7FEA8CCCF8F}"
EndProject
Project("{FAE04EC0-301F-11D3-BF4B-00C04F79EFBC}") = "P.02.2013.02.V1-Greedy-Dwarfs-1", "P.02.2013.02.V1-Greedy-Dwarfs-1\P.02.2013.02.V1-Greedy-Dwarfs-1.csproj", "{3EA807A4-9967-4FBD-9CC1-F4F0F74F37CE}"
EndProject
Project("{FAE04EC0-301F-11D3-BF4B-00C04F79EFBC}") = "P.02.2013.09.V1-Magic-Words-1", "P.02.2013.09.V1-Magic-Words-1\P.02.2013.09.V1-Magic-Words-1.csproj", "{0F07821D-70B2-44BD-AB11-B4988FCFB1B1}"
EndProject
Project("{FAE04EC0-301F-11D3-BF4B-00C04F79EFBC}") = "P.03.2015.09.V1-Lover-of-3-1", "P.03.2015.09.V1-Lover-of-3-1\P.03.2015.09.V1-Lover-of-3-1.csproj", "{B6339418-A9DD-4A62-8517-B9C36550CAEE}"
EndProject
Project("{FAE04EC0-301F-11D3-BF4B-00C04F79EFBC}") = "P.03.2015.04.V3-Lover-of-2-1", "P.03.2015.04.V3-Lover-of-2-1\P.03.2015.04.V3-Lover-of-2-1.csproj", "{C81A5197-A18E-40AD-9052-1E8CB134BE02}"
EndProject
Project("{FAE04EC0-301F-11D3-BF4B-00C04F79EFBC}") = "P.03.2013.09.V2-Trails-3D-1", "P.03.2013.09.V2-Trails-3D-1\P.03.2013.09.V2-Trails-3D-1.csproj", "{3FE9A7BA-0EFC-4B79-BE3A-16A0AF7E2E5C}"
EndProject
Project("{FAE04EC0-301F-11D3-BF4B-00C04F79EFBC}") = "P.03.2013.02.V3-Kukata-is-dancing-1", "P.03.2013.02.V3-Kukata-is-dancing-1\P.03.2013.02.V3-Kukata-is-dancing-1.csproj", "{5AD819A3-DF05-40AC-89D3-38D4724C700C}"
EndProject
Project("{FAE04EC0-301F-11D3-BF4B-00C04F79EFBC}") = "P.03.2013.02.V2-Laser-2", "P.03.2013.02.V2-Laser-2\P.03.2013.02.V2-Laser-2.csproj", "{1A898871-197C-4E91-8DA1-3A4ED134D4B9}"
EndProject
Project("{FAE04EC0-301F-11D3-BF4B-00C04F79EFBC}") = "P.03.2014.01.V1-Patterns-1", "P.03.2014.01.V1-Patterns-1\P.03.2014.01.V1-Patterns-1.csproj", "{BCA04EC6-9DBC-4A5A-B6A9-5D91861E3CD3}"
EndProject
Project("{FAE04EC0-301F-11D3-BF4B-00C04F79EFBC}") = "P.04.2015.03.V2-Konspiration-1", "P.04.2015.03.V2-Konspiration-1\P.04.2015.03.V2-Konspiration-1.csproj", "{F3C65D74-E3B0-457C-84CF-18C5603DE967}"
EndProject
Project("{FAE04EC0-301F-11D3-BF4B-00C04F79EFBC}") = "P.04.2015.03.V2-Konspiration-3", "P.04.2015.03.V2-Konspiration-3\P.04.2015.03.V2-Konspiration-3.csproj", "{763AE315-5EB1-484C-B794-3D69F3B0E659}"
EndProject
Project("{FAE04EC0-301F-11D3-BF4B-00C04F79EFBC}") = "P.04.2014.01.V1-Variable-Length-Codes-1", "P.04.2014.01.V1-Variable-Length-Codes-1\P.04.2014.01.V1-Variable-Length-Codes-1.csproj", "{79EEAABE-3F42-41DC-B9CF-06A659E834EA}"
EndProject
Project("{FAE04EC0-301F-11D3-BF4B-00C04F79EFBC}") = "P.04.2014.01.V1-Variable-Length-Codes-2", "P.04.2014.01.V1-Variable-Length-Codes-2\P.04.2014.01.V1-Variable-Length-Codes-2.csproj", "{CE71841F-5289-4DAF-9014-EE693E967873}"
EndProject
Project("{FAE04EC0-301F-11D3-BF4B-00C04F79EFBC}") = "P.04.2013.09.V1-Decode-and-Decrypt-1", "P.04.2013.09.V1-Decode-and-Decrypt-1\P.04.2013.09.V1-Decode-and-Decrypt-1.csproj", "{B5CCC0E8-88EF-44F4-8E7A-9D8419CCE75F}"
EndProject
Project("{FAE04EC0-301F-11D3-BF4B-00C04F79EFBC}") = "P.04.2013.09.V2-Encode-and-Encrypt-1", "P.04.2013.09.V2-Encode-and-Encrypt-1\P.04.2013.09.V2-Encode-and-Encrypt-1.csproj", "{3640CCA9-FB33-4509-A705-22502D2674B5}"
EndProject
Project("{FAE04EC0-301F-11D3-BF4B-00C04F79EFBC}") = "P.05.2014.02.V1-Help-Doge-1-Iterative", "P.05.2014.02.V1-Help-Doge-1-Iterative\P.05.2014.02.V1-Help-Doge-1-Iterative.csproj", "{625213DB-938E-4D4A-84C4-988A51DEE678}"
EndProject
Project("{FAE04EC0-301F-11D3-BF4B-00C04F79EFBC}") = "P.05.2014.02.V1-Help-Doge-2-Recursive", "P.05.2014.02.V1-Help-Doge-2-Recursive\P.05.2014.02.V1-Help-Doge-2-Recursive.csproj", "{6ACD9278-C527-4DB5-8BF9-80D7D3991CFB}"
EndProject
Global
	GlobalSection(SolutionConfigurationPlatforms) = preSolution
		Debug|Any CPU = Debug|Any CPU
		Release|Any CPU = Release|Any CPU
	EndGlobalSection
	GlobalSection(ProjectConfigurationPlatforms) = postSolution
		{9681757E-80E0-4E40-A90D-3A8F9CA229C5}.Debug|Any CPU.ActiveCfg = Debug|Any CPU
		{9681757E-80E0-4E40-A90D-3A8F9CA229C5}.Debug|Any CPU.Build.0 = Debug|Any CPU
		{9681757E-80E0-4E40-A90D-3A8F9CA229C5}.Release|Any CPU.ActiveCfg = Release|Any CPU
		{9681757E-80E0-4E40-A90D-3A8F9CA229C5}.Release|Any CPU.Build.0 = Release|Any CPU
		{58498C74-91B7-4EEF-9F31-43637EB6CAA9}.Debug|Any CPU.ActiveCfg = Debug|Any CPU
		{58498C74-91B7-4EEF-9F31-43637EB6CAA9}.Debug|Any CPU.Build.0 = Debug|Any CPU
		{58498C74-91B7-4EEF-9F31-43637EB6CAA9}.Release|Any CPU.ActiveCfg = Release|Any CPU
		{58498C74-91B7-4EEF-9F31-43637EB6CAA9}.Release|Any CPU.Build.0 = Release|Any CPU
		{D1CC7E0F-8B98-4DD9-9ECE-312D294F3601}.Debug|Any CPU.ActiveCfg = Debug|Any CPU
		{D1CC7E0F-8B98-4DD9-9ECE-312D294F3601}.Debug|Any CPU.Build.0 = Debug|Any CPU
		{D1CC7E0F-8B98-4DD9-9ECE-312D294F3601}.Release|Any CPU.ActiveCfg = Release|Any CPU
		{D1CC7E0F-8B98-4DD9-9ECE-312D294F3601}.Release|Any CPU.Build.0 = Release|Any CPU
		{2DAAEC28-3E73-4956-9976-DDB02148E8BB}.Debug|Any CPU.ActiveCfg = Debug|Any CPU
		{2DAAEC28-3E73-4956-9976-DDB02148E8BB}.Debug|Any CPU.Build.0 = Debug|Any CPU
		{2DAAEC28-3E73-4956-9976-DDB02148E8BB}.Release|Any CPU.ActiveCfg = Release|Any CPU
		{2DAAEC28-3E73-4956-9976-DDB02148E8BB}.Release|Any CPU.Build.0 = Release|Any CPU
		{D5D5F178-2CD7-4DD9-8FA0-E40FD68A0DF4}.Debug|Any CPU.ActiveCfg = Debug|Any CPU
		{D5D5F178-2CD7-4DD9-8FA0-E40FD68A0DF4}.Debug|Any CPU.Build.0 = Debug|Any CPU
		{D5D5F178-2CD7-4DD9-8FA0-E40FD68A0DF4}.Release|Any CPU.ActiveCfg = Release|Any CPU
		{D5D5F178-2CD7-4DD9-8FA0-E40FD68A0DF4}.Release|Any CPU.Build.0 = Release|Any CPU
		{041C6827-1C92-4D40-AEE9-D07D32D72ABB}.Debug|Any CPU.ActiveCfg = Debug|Any CPU
		{041C6827-1C92-4D40-AEE9-D07D32D72ABB}.Debug|Any CPU.Build.0 = Debug|Any CPU
		{041C6827-1C92-4D40-AEE9-D07D32D72ABB}.Release|Any CPU.ActiveCfg = Release|Any CPU
		{041C6827-1C92-4D40-AEE9-D07D32D72ABB}.Release|Any CPU.Build.0 = Release|Any CPU
		{3872AC97-D6DC-4CD8-9286-88C873375773}.Debug|Any CPU.ActiveCfg = Debug|Any CPU
		{3872AC97-D6DC-4CD8-9286-88C873375773}.Debug|Any CPU.Build.0 = Debug|Any CPU
		{3872AC97-D6DC-4CD8-9286-88C873375773}.Release|Any CPU.ActiveCfg = Release|Any CPU
		{3872AC97-D6DC-4CD8-9286-88C873375773}.Release|Any CPU.Build.0 = Release|Any CPU
		{2189EDDC-4E87-4E6C-AB77-7F20F08FC586}.Debug|Any CPU.ActiveCfg = Debug|Any CPU
		{2189EDDC-4E87-4E6C-AB77-7F20F08FC586}.Debug|Any CPU.Build.0 = Debug|Any CPU
		{2189EDDC-4E87-4E6C-AB77-7F20F08FC586}.Release|Any CPU.ActiveCfg = Release|Any CPU
		{2189EDDC-4E87-4E6C-AB77-7F20F08FC586}.Release|Any CPU.Build.0 = Release|Any CPU
		{417EBA7F-F4C1-497D-AB84-EA00EB0D7536}.Debug|Any CPU.ActiveCfg = Debug|Any CPU
		{417EBA7F-F4C1-497D-AB84-EA00EB0D7536}.Debug|Any CPU.Build.0 = Debug|Any CPU
		{417EBA7F-F4C1-497D-AB84-EA00EB0D7536}.Release|Any CPU.ActiveCfg = Release|Any CPU
		{417EBA7F-F4C1-497D-AB84-EA00EB0D7536}.Release|Any CPU.Build.0 = Release|Any CPU
		{97439C8B-5E2D-4A8D-B19D-E8D857C829C1}.Debug|Any CPU.ActiveCfg = Debug|Any CPU
		{97439C8B-5E2D-4A8D-B19D-E8D857C829C1}.Debug|Any CPU.Build.0 = Debug|Any CPU
		{97439C8B-5E2D-4A8D-B19D-E8D857C829C1}.Release|Any CPU.ActiveCfg = Release|Any CPU
		{97439C8B-5E2D-4A8D-B19D-E8D857C829C1}.Release|Any CPU.Build.0 = Release|Any CPU
		{B5F626F7-521B-4E4F-A3A2-C7FEA8CCCF8F}.Debug|Any CPU.ActiveCfg = Debug|Any CPU
		{B5F626F7-521B-4E4F-A3A2-C7FEA8CCCF8F}.Debug|Any CPU.Build.0 = Debug|Any CPU
		{B5F626F7-521B-4E4F-A3A2-C7FEA8CCCF8F}.Release|Any CPU.ActiveCfg = Release|Any CPU
		{B5F626F7-521B-4E4F-A3A2-C7FEA8CCCF8F}.Release|Any CPU.Build.0 = Release|Any CPU
		{3EA807A4-9967-4FBD-9CC1-F4F0F74F37CE}.Debug|Any CPU.ActiveCfg = Debug|Any CPU
		{3EA807A4-9967-4FBD-9CC1-F4F0F74F37CE}.Debug|Any CPU.Build.0 = Debug|Any CPU
		{3EA807A4-9967-4FBD-9CC1-F4F0F74F37CE}.Release|Any CPU.ActiveCfg = Release|Any CPU
		{3EA807A4-9967-4FBD-9CC1-F4F0F74F37CE}.Release|Any CPU.Build.0 = Release|Any CPU
		{0F07821D-70B2-44BD-AB11-B4988FCFB1B1}.Debug|Any CPU.ActiveCfg = Debug|Any CPU
		{0F07821D-70B2-44BD-AB11-B4988FCFB1B1}.Debug|Any CPU.Build.0 = Debug|Any CPU
		{0F07821D-70B2-44BD-AB11-B4988FCFB1B1}.Release|Any CPU.ActiveCfg = Release|Any CPU
		{0F07821D-70B2-44BD-AB11-B4988FCFB1B1}.Release|Any CPU.Build.0 = Release|Any CPU
		{B6339418-A9DD-4A62-8517-B9C36550CAEE}.Debug|Any CPU.ActiveCfg = Debug|Any CPU
		{B6339418-A9DD-4A62-8517-B9C36550CAEE}.Debug|Any CPU.Build.0 = Debug|Any CPU
		{B6339418-A9DD-4A62-8517-B9C36550CAEE}.Release|Any CPU.ActiveCfg = Release|Any CPU
		{B6339418-A9DD-4A62-8517-B9C36550CAEE}.Release|Any CPU.Build.0 = Release|Any CPU
		{C81A5197-A18E-40AD-9052-1E8CB134BE02}.Debug|Any CPU.ActiveCfg = Debug|Any CPU
		{C81A5197-A18E-40AD-9052-1E8CB134BE02}.Debug|Any CPU.Build.0 = Debug|Any CPU
		{C81A5197-A18E-40AD-9052-1E8CB134BE02}.Release|Any CPU.ActiveCfg = Release|Any CPU
		{C81A5197-A18E-40AD-9052-1E8CB134BE02}.Release|Any CPU.Build.0 = Release|Any CPU
		{3FE9A7BA-0EFC-4B79-BE3A-16A0AF7E2E5C}.Debug|Any CPU.ActiveCfg = Debug|Any CPU
		{3FE9A7BA-0EFC-4B79-BE3A-16A0AF7E2E5C}.Debug|Any CPU.Build.0 = Debug|Any CPU
		{3FE9A7BA-0EFC-4B79-BE3A-16A0AF7E2E5C}.Release|Any CPU.ActiveCfg = Release|Any CPU
		{3FE9A7BA-0EFC-4B79-BE3A-16A0AF7E2E5C}.Release|Any CPU.Build.0 = Release|Any CPU
		{5AD819A3-DF05-40AC-89D3-38D4724C700C}.Debug|Any CPU.ActiveCfg = Debug|Any CPU
		{5AD819A3-DF05-40AC-89D3-38D4724C700C}.Debug|Any CPU.Build.0 = Debug|Any CPU
		{5AD819A3-DF05-40AC-89D3-38D4724C700C}.Release|Any CPU.ActiveCfg = Release|Any CPU
		{5AD819A3-DF05-40AC-89D3-38D4724C700C}.Release|Any CPU.Build.0 = Release|Any CPU
		{1A898871-197C-4E91-8DA1-3A4ED134D4B9}.Debug|Any CPU.ActiveCfg = Debug|Any CPU
		{1A898871-197C-4E91-8DA1-3A4ED134D4B9}.Debug|Any CPU.Build.0 = Debug|Any CPU
		{1A898871-197C-4E91-8DA1-3A4ED134D4B9}.Release|Any CPU.ActiveCfg = Release|Any CPU
		{1A898871-197C-4E91-8DA1-3A4ED134D4B9}.Release|Any CPU.Build.0 = Release|Any CPU
		{BCA04EC6-9DBC-4A5A-B6A9-5D91861E3CD3}.Debug|Any CPU.ActiveCfg = Debug|Any CPU
		{BCA04EC6-9DBC-4A5A-B6A9-5D91861E3CD3}.Debug|Any CPU.Build.0 = Debug|Any CPU
		{BCA04EC6-9DBC-4A5A-B6A9-5D91861E3CD3}.Release|Any CPU.ActiveCfg = Release|Any CPU
		{BCA04EC6-9DBC-4A5A-B6A9-5D91861E3CD3}.Release|Any CPU.Build.0 = Release|Any CPU
		{F3C65D74-E3B0-457C-84CF-18C5603DE967}.Debug|Any CPU.ActiveCfg = Debug|Any CPU
		{F3C65D74-E3B0-457C-84CF-18C5603DE967}.Debug|Any CPU.Build.0 = Debug|Any CPU
		{F3C65D74-E3B0-457C-84CF-18C5603DE967}.Release|Any CPU.ActiveCfg = Release|Any CPU
		{F3C65D74-E3B0-457C-84CF-18C5603DE967}.Release|Any CPU.Build.0 = Release|Any CPU
		{763AE315-5EB1-484C-B794-3D69F3B0E659}.Debug|Any CPU.ActiveCfg = Debug|Any CPU
		{763AE315-5EB1-484C-B794-3D69F3B0E659}.Debug|Any CPU.Build.0 = Debug|Any CPU
		{763AE315-5EB1-484C-B794-3D69F3B0E659}.Release|Any CPU.ActiveCfg = Release|Any CPU
		{763AE315-5EB1-484C-B794-3D69F3B0E659}.Release|Any CPU.Build.0 = Release|Any CPU
		{79EEAABE-3F42-41DC-B9CF-06A659E834EA}.Debug|Any CPU.ActiveCfg = Debug|Any CPU
		{79EEAABE-3F42-41DC-B9CF-06A659E834EA}.Debug|Any CPU.Build.0 = Debug|Any CPU
		{79EEAABE-3F42-41DC-B9CF-06A659E834EA}.Release|Any CPU.ActiveCfg = Release|Any CPU
		{79EEAABE-3F42-41DC-B9CF-06A659E834EA}.Release|Any CPU.Build.0 = Release|Any CPU
		{CE71841F-5289-4DAF-9014-EE693E967873}.Debug|Any CPU.ActiveCfg = Debug|Any CPU
		{CE71841F-5289-4DAF-9014-EE693E967873}.Debug|Any CPU.Build.0 = Debug|Any CPU
		{CE71841F-5289-4DAF-9014-EE693E967873}.Release|Any CPU.ActiveCfg = Release|Any CPU
		{CE71841F-5289-4DAF-9014-EE693E967873}.Release|Any CPU.Build.0 = Release|Any CPU
		{B5CCC0E8-88EF-44F4-8E7A-9D8419CCE75F}.Debug|Any CPU.ActiveCfg = Debug|Any CPU
		{B5CCC0E8-88EF-44F4-8E7A-9D8419CCE75F}.Debug|Any CPU.Build.0 = Debug|Any CPU
		{B5CCC0E8-88EF-44F4-8E7A-9D8419CCE75F}.Release|Any CPU.ActiveCfg = Release|Any CPU
		{B5CCC0E8-88EF-44F4-8E7A-9D8419CCE75F}.Release|Any CPU.Build.0 = Release|Any CPU
		{3640CCA9-FB33-4509-A705-22502D2674B5}.Debug|Any CPU.ActiveCfg = Debug|Any CPU
		{3640CCA9-FB33-4509-A705-22502D2674B5}.Debug|Any CPU.Build.0 = Debug|Any CPU
		{3640CCA9-FB33-4509-A705-22502D2674B5}.Release|Any CPU.ActiveCfg = Release|Any CPU
		{3640CCA9-FB33-4509-A705-22502D2674B5}.Release|Any CPU.Build.0 = Release|Any CPU
		{625213DB-938E-4D4A-84C4-988A51DEE678}.Debug|Any CPU.ActiveCfg = Debug|Any CPU
		{625213DB-938E-4D4A-84C4-988A51DEE678}.Debug|Any CPU.Build.0 = Debug|Any CPU
		{625213DB-938E-4D4A-84C4-988A51DEE678}.Release|Any CPU.ActiveCfg = Release|Any CPU
		{625213DB-938E-4D4A-84C4-988A51DEE678}.Release|Any CPU.Build.0 = Release|Any CPU
		{6ACD9278-C527-4DB5-8BF9-80D7D3991CFB}.Debug|Any CPU.ActiveCfg = Debug|Any CPU
		{6ACD9278-C527-4DB5-8BF9-80D7D3991CFB}.Debug|Any CPU.Build.0 = Debug|Any CPU
		{6ACD9278-C527-4DB5-8BF9-80D7D3991CFB}.Release|Any CPU.ActiveCfg = Release|Any CPU
		{6ACD9278-C527-4DB5-8BF9-80D7D3991CFB}.Release|Any CPU.Build.0 = Release|Any CPU
	EndGlobalSection
	GlobalSection(SolutionProperties) = preSolution
		HideSolutionNode = FALSE
	EndGlobalSection
EndGlobal
