
Microsoft Visual Studio Solution File, Format Version 12.00
# Visual Studio 14
VisualStudioVersion = 14.0.24720.0
MinimumVisualStudioVersion = 10.0.40219.1
Project("{FAE04EC0-301F-11D3-BF4B-00C04F79EFBC}") = "01. Fire in The Matrix", "01. Fire in The Matrix\01. Fire in The Matrix.csproj", "{4E06C06A-19D1-46B7-BA28-7D9BB8DAEA21}"
EndProject
Project("{FAE04EC0-301F-11D3-BF4B-00C04F79EFBC}") = "02.Easter Mister", "02.Easter Mister\02.Easter Mister.csproj", "{1E935425-EB1D-4CC3-AA8E-69CD41094C6B}"
EndProject
Project("{FAE04EC0-301F-11D3-BF4B-00C04F79EFBC}") = "03.Bat’Goiko Tower", "Bat’Goiko Tower\03.Bat’Goiko Tower.csproj", "{667B69FB-57CF-4239-B0D8-903B9CE6707B}"
EndProject
Project("{FAE04EC0-301F-11D3-BF4B-00C04F79EFBC}") = "04.Diamond Trolls", "04.Diamond Trolls\04.Diamond Trolls.csproj", "{958FA7FF-128B-4491-8629-71B7EA0F5468}"
EndProject
Global
	GlobalSection(SolutionConfigurationPlatforms) = preSolution
		Debug|Any CPU = Debug|Any CPU
		Release|Any CPU = Release|Any CPU
	EndGlobalSection
	GlobalSection(ProjectConfigurationPlatforms) = postSolution
		{4E06C06A-19D1-46B7-BA28-7D9BB8DAEA21}.Debug|Any CPU.ActiveCfg = Debug|Any CPU
		{4E06C06A-19D1-46B7-BA28-7D9BB8DAEA21}.Debug|Any CPU.Build.0 = Debug|Any CPU
		{4E06C06A-19D1-46B7-BA28-7D9BB8DAEA21}.Release|Any CPU.ActiveCfg = Release|Any CPU
		{4E06C06A-19D1-46B7-BA28-7D9BB8DAEA21}.Release|Any CPU.Build.0 = Release|Any CPU
		{1E935425-EB1D-4CC3-AA8E-69CD41094C6B}.Debug|Any CPU.ActiveCfg = Debug|Any CPU
		{1E935425-EB1D-4CC3-AA8E-69CD41094C6B}.Debug|Any CPU.Build.0 = Debug|Any CPU
		{1E935425-EB1D-4CC3-AA8E-69CD41094C6B}.Release|Any CPU.ActiveCfg = Release|Any CPU
		{1E935425-EB1D-4CC3-AA8E-69CD41094C6B}.Release|Any CPU.Build.0 = Release|Any CPU
		{667B69FB-57CF-4239-B0D8-903B9CE6707B}.Debug|Any CPU.ActiveCfg = Debug|Any CPU
		{667B69FB-57CF-4239-B0D8-903B9CE6707B}.Debug|Any CPU.Build.0 = Debug|Any CPU
		{667B69FB-57CF-4239-B0D8-903B9CE6707B}.Release|Any CPU.ActiveCfg = Release|Any CPU
		{667B69FB-57CF-4239-B0D8-903B9CE6707B}.Release|Any CPU.Build.0 = Release|Any CPU
		{958FA7FF-128B-4491-8629-71B7EA0F5468}.Debug|Any CPU.ActiveCfg = Debug|Any CPU
		{958FA7FF-128B-4491-8629-71B7EA0F5468}.Debug|Any CPU.Build.0 = Debug|Any CPU
		{958FA7FF-128B-4491-8629-71B7EA0F5468}.Release|Any CPU.ActiveCfg = Release|Any CPU
		{958FA7FF-128B-4491-8629-71B7EA0F5468}.Release|Any CPU.Build.0 = Release|Any CPU
	EndGlobalSection
	GlobalSection(SolutionProperties) = preSolution
		HideSolutionNode = FALSE
	EndGlobalSection
EndGlobal
